
Microsoft Visual Studio Solution File, Format Version 12.00
# Visual Studio Version 16
VisualStudioVersion = 16.0.30413.136
MinimumVisualStudioVersion = 10.0.40219.1
Project("{FAE04EC0-301F-11D3-BF4B-00C04F79EFBC}") = "challenge-FT", "challenge-FT.csproj", "{EE8FE211-F402-402F-A825-9A68B7009109}"
EndProject
Global
	GlobalSection(SolutionConfigurationPlatforms) = preSolution
		Debug|Any CPU = Debug|Any CPU
		Release|Any CPU = Release|Any CPU
	EndGlobalSection
	GlobalSection(ProjectConfigurationPlatforms) = postSolution
		{EE8FE211-F402-402F-A825-9A68B7009109}.Debug|Any CPU.ActiveCfg = Debug|Any CPU
		{EE8FE211-F402-402F-A825-9A68B7009109}.Debug|Any CPU.Build.0 = Debug|Any CPU
		{EE8FE211-F402-402F-A825-9A68B7009109}.Release|Any CPU.ActiveCfg = Release|Any CPU
		{EE8FE211-F402-402F-A825-9A68B7009109}.Release|Any CPU.Build.0 = Release|Any CPU
	EndGlobalSection
	GlobalSection(SolutionProperties) = preSolution
		HideSolutionNode = FALSE
	EndGlobalSection
	GlobalSection(ExtensibilityGlobals) = postSolution
		SolutionGuid = {6935AB02-BDBF-47CE-81EE-C6746127F2DE}
	EndGlobalSection
EndGlobal
